
Microsoft Visual Studio Solution File, Format Version 12.00
# Visual Studio Version 16
VisualStudioVersion = 16.0.31624.102
MinimumVisualStudioVersion = 10.0.40219.1
Project("{FAE04EC0-301F-11D3-BF4B-00C04F79EFBC}") = "Lab02", "Lab02\Lab02.csproj", "{9E0A3524-2187-41EF-9E20-D42AE4928975}"
EndProject
Global
	GlobalSection(SolutionConfigurationPlatforms) = preSolution
		Debug|Any CPU = Debug|Any CPU
		Release|Any CPU = Release|Any CPU
	EndGlobalSection
	GlobalSection(ProjectConfigurationPlatforms) = postSolution
		{9E0A3524-2187-41EF-9E20-D42AE4928975}.Debug|Any CPU.ActiveCfg = Debug|Any CPU
		{9E0A3524-2187-41EF-9E20-D42AE4928975}.Debug|Any CPU.Build.0 = Debug|Any CPU
		{9E0A3524-2187-41EF-9E20-D42AE4928975}.Release|Any CPU.ActiveCfg = Release|Any CPU
		{9E0A3524-2187-41EF-9E20-D42AE4928975}.Release|Any CPU.Build.0 = Release|Any CPU
	EndGlobalSection
	GlobalSection(SolutionProperties) = preSolution
		HideSolutionNode = FALSE
	EndGlobalSection
	GlobalSection(ExtensibilityGlobals) = postSolution
		SolutionGuid = {A436BD20-4CF4-4157-8399-F16C5DB5BAA1}
	EndGlobalSection
EndGlobal
